
Microsoft Visual Studio Solution File, Format Version 12.00
# Visual Studio Version 17
VisualStudioVersion = 17.11.35312.102
MinimumVisualStudioVersion = 10.0.40219.1
Project("{FAE04EC0-301F-11D3-BF4B-00C04F79EFBC}") = "Wallet_test_1", "Wallet_test_1.csproj", "{D5FEB6E5-7DDB-45A3-8F00-C695A68A01AB}"
EndProject
Project("{FAE04EC0-301F-11D3-BF4B-00C04F79EFBC}") = "Test_Dekompilesana", "..\Test_Dekompilesana\Test_Dekompilesana.csproj", "{3683BCFB-52DB-4A32-B6F4-EB58B14527AD}"
EndProject
Global
	GlobalSection(SolutionConfigurationPlatforms) = preSolution
		Debug|Any CPU = Debug|Any CPU
		Release|Any CPU = Release|Any CPU
	EndGlobalSection
	GlobalSection(ProjectConfigurationPlatforms) = postSolution
		{D5FEB6E5-7DDB-45A3-8F00-C695A68A01AB}.Debug|Any CPU.ActiveCfg = Debug|Any CPU
		{D5FEB6E5-7DDB-45A3-8F00-C695A68A01AB}.Debug|Any CPU.Build.0 = Debug|Any CPU
		{D5FEB6E5-7DDB-45A3-8F00-C695A68A01AB}.Release|Any CPU.ActiveCfg = Release|Any CPU
		{D5FEB6E5-7DDB-45A3-8F00-C695A68A01AB}.Release|Any CPU.Build.0 = Release|Any CPU
		{3683BCFB-52DB-4A32-B6F4-EB58B14527AD}.Debug|Any CPU.ActiveCfg = Debug|Any CPU
		{3683BCFB-52DB-4A32-B6F4-EB58B14527AD}.Debug|Any CPU.Build.0 = Debug|Any CPU
		{3683BCFB-52DB-4A32-B6F4-EB58B14527AD}.Release|Any CPU.ActiveCfg = Release|Any CPU
		{3683BCFB-52DB-4A32-B6F4-EB58B14527AD}.Release|Any CPU.Build.0 = Release|Any CPU
	EndGlobalSection
	GlobalSection(SolutionProperties) = preSolution
		HideSolutionNode = FALSE
	EndGlobalSection
	GlobalSection(ExtensibilityGlobals) = postSolution
		SolutionGuid = {12BF5730-8895-4001-A4D9-3922933607DC}
	EndGlobalSection
EndGlobal
